
Microsoft Visual Studio Solution File, Format Version 12.00
# Visual Studio 2013
VisualStudioVersion = 12.0.30501.0
MinimumVisualStudioVersion = 10.0.40219.1
Project("{8BC9CEB8-8B4A-11D0-8D11-00A0C91BC942}") = "test_8_5", "test_8_5\test_8_5.vcxproj", "{98D67C53-1AA3-4BBC-8FEC-DF2320F9B796}"
EndProject
Global
	GlobalSection(SolutionConfigurationPlatforms) = preSolution
		Debug|Win32 = Debug|Win32
		Release|Win32 = Release|Win32
	EndGlobalSection
	GlobalSection(ProjectConfigurationPlatforms) = postSolution
		{98D67C53-1AA3-4BBC-8FEC-DF2320F9B796}.Debug|Win32.ActiveCfg = Debug|Win32
		{98D67C53-1AA3-4BBC-8FEC-DF2320F9B796}.Debug|Win32.Build.0 = Debug|Win32
		{98D67C53-1AA3-4BBC-8FEC-DF2320F9B796}.Release|Win32.ActiveCfg = Release|Win32
		{98D67C53-1AA3-4BBC-8FEC-DF2320F9B796}.Release|Win32.Build.0 = Release|Win32
	EndGlobalSection
	GlobalSection(SolutionProperties) = preSolution
		HideSolutionNode = FALSE
	EndGlobalSection
EndGlobal
